
Microsoft Visual Studio Solution File, Format Version 12.00
# Visual Studio Version 16
VisualStudioVersion = 16.0.31112.23
MinimumVisualStudioVersion = 10.0.40219.1
Project("{FAE04EC0-301F-11D3-BF4B-00C04F79EFBC}") = "BlogProject", "BlogProject\BlogProject.csproj", "{E32794EA-5C5C-4D59-9E53-F2D50DEBE631}"
EndProject
Global
	GlobalSection(SolutionConfigurationPlatforms) = preSolution
		Debug|Any CPU = Debug|Any CPU
		Release|Any CPU = Release|Any CPU
	EndGlobalSection
	GlobalSection(ProjectConfigurationPlatforms) = postSolution
		{E32794EA-5C5C-4D59-9E53-F2D50DEBE631}.Debug|Any CPU.ActiveCfg = Debug|Any CPU
		{E32794EA-5C5C-4D59-9E53-F2D50DEBE631}.Debug|Any CPU.Build.0 = Debug|Any CPU
		{E32794EA-5C5C-4D59-9E53-F2D50DEBE631}.Release|Any CPU.ActiveCfg = Release|Any CPU
		{E32794EA-5C5C-4D59-9E53-F2D50DEBE631}.Release|Any CPU.Build.0 = Release|Any CPU
	EndGlobalSection
	GlobalSection(SolutionProperties) = preSolution
		HideSolutionNode = FALSE
	EndGlobalSection
	GlobalSection(ExtensibilityGlobals) = postSolution
		SolutionGuid = {94411F0A-8B5A-4ABE-8EE4-A4C77F4C03E7}
	EndGlobalSection
EndGlobal
